Microsoft Visual Studio Solution File, Format Version 12.00
# Visual Studio 15
VisualStudioVersion = 15.0.27130.2010
MinimumVisualStudioVersion = 10.0.40219.1
Project("{8BC9CEB8-8B4A-11D0-8D11-00A0C91BC942}") = "JK2cgame", "cgame\JK2_cgame.vcxproj", "{B7586843-5F7D-490B-B56B-A7A23EB8A03E}"
EndProject
Project("{8BC9CEB8-8B4A-11D0-8D11-00A0C91BC942}") = "JK2game", "game\JK2_game.vcxproj", "{B126A967-F730-46AC-86CE-72F3E063439F}"
EndProject
Project("{8BC9CEB8-8B4A-11D0-8D11-00A0C91BC942}") = "ui", "ui\ui.vcxproj", "{95A0D384-3D44-418E-ADD0-9DAD3BC0FE85}"
EndProject
Global
	GlobalSection(SolutionConfigurationPlatforms) = preSolution
		Debug JK2|x86 = Debug JK2|x86
		Final JK2|x86 = Final JK2|x86
		Release JK2|x86 = Release JK2|x86
	EndGlobalSection
	GlobalSection(ProjectConfigurationPlatforms) = postSolution
		{B7586843-5F7D-490B-B56B-A7A23EB8A03E}.Debug JK2|x86.ActiveCfg = Debug JK2|Win32
		{B7586843-5F7D-490B-B56B-A7A23EB8A03E}.Debug JK2|x86.Build.0 = Debug JK2|Win32
		{B7586843-5F7D-490B-B56B-A7A23EB8A03E}.Final JK2|x86.ActiveCfg = Final JK2|Win32
		{B7586843-5F7D-490B-B56B-A7A23EB8A03E}.Final JK2|x86.Build.0 = Final JK2|Win32
		{B7586843-5F7D-490B-B56B-A7A23EB8A03E}.Release JK2|x86.ActiveCfg = Release JK2|Win32
		{B7586843-5F7D-490B-B56B-A7A23EB8A03E}.Release JK2|x86.Build.0 = Release JK2|Win32
		{B126A967-F730-46AC-86CE-72F3E063439F}.Debug JK2|x86.ActiveCfg = Debug JK2|Win32
		{B126A967-F730-46AC-86CE-72F3E063439F}.Debug JK2|x86.Build.0 = Debug JK2|Win32
		{B126A967-F730-46AC-86CE-72F3E063439F}.Final JK2|x86.ActiveCfg = Final JK2|Win32
		{B126A967-F730-46AC-86CE-72F3E063439F}.Final JK2|x86.Build.0 = Final JK2|Win32
		{B126A967-F730-46AC-86CE-72F3E063439F}.Release JK2|x86.ActiveCfg = Release JK2|Win32
		{B126A967-F730-46AC-86CE-72F3E063439F}.Release JK2|x86.Build.0 = Release JK2|Win32
		{95A0D384-3D44-418E-ADD0-9DAD3BC0FE85}.Debug JK2|x86.ActiveCfg = Debug JK2|Win32
		{95A0D384-3D44-418E-ADD0-9DAD3BC0FE85}.Debug JK2|x86.Build.0 = Debug JK2|Win32
		{95A0D384-3D44-418E-ADD0-9DAD3BC0FE85}.Final JK2|x86.ActiveCfg = Final JK2|Win32
		{95A0D384-3D44-418E-ADD0-9DAD3BC0FE85}.Final JK2|x86.Build.0 = Final JK2|Win32
		{95A0D384-3D44-418E-ADD0-9DAD3BC0FE85}.Release JK2|x86.ActiveCfg = Release JK2|Win32
		{95A0D384-3D44-418E-ADD0-9DAD3BC0FE85}.Release JK2|x86.Build.0 = Release JK2|Win32
	EndGlobalSection
	GlobalSection(SolutionProperties) = preSolution
		HideSolutionNode = FALSE
	EndGlobalSection
	GlobalSection(ExtensibilityGlobals) = postSolution
		SolutionGuid = {66F01FB6-7B99-4466-A22F-E95DA07038A1}
	EndGlobalSection
EndGlobal
